
Microsoft Visual Studio Solution File, Format Version 12.00
# Visual Studio Version 16
VisualStudioVersion = 16.0.30413.136
MinimumVisualStudioVersion = 10.0.40219.1
Project("{FAE04EC0-301F-11D3-BF4B-00C04F79EFBC}") = "WpfAppAsync", "WpfAppAsync\WpfAppAsync.csproj", "{BEF1CB96-DC0A-49E5-A73B-45E31A5FCC54}"
EndProject
Global
	GlobalSection(SolutionConfigurationPlatforms) = preSolution
		Debug|Any CPU = Debug|Any CPU
		Release|Any CPU = Release|Any CPU
	EndGlobalSection
	GlobalSection(ProjectConfigurationPlatforms) = postSolution
		{BEF1CB96-DC0A-49E5-A73B-45E31A5FCC54}.Debug|Any CPU.ActiveCfg = Debug|Any CPU
		{BEF1CB96-DC0A-49E5-A73B-45E31A5FCC54}.Debug|Any CPU.Build.0 = Debug|Any CPU
		{BEF1CB96-DC0A-49E5-A73B-45E31A5FCC54}.Release|Any CPU.ActiveCfg = Release|Any CPU
		{BEF1CB96-DC0A-49E5-A73B-45E31A5FCC54}.Release|Any CPU.Build.0 = Release|Any CPU
	EndGlobalSection
	GlobalSection(SolutionProperties) = preSolution
		HideSolutionNode = FALSE
	EndGlobalSection
	GlobalSection(ExtensibilityGlobals) = postSolution
		SolutionGuid = {A8417DC5-6094-4E6A-9265-B45713B1EB9C}
	EndGlobalSection
EndGlobal
