
Microsoft Visual Studio Solution File, Format Version 12.00
# Visual Studio Version 16
VisualStudioVersion = 16.0.31025.218
MinimumVisualStudioVersion = 10.0.40219.1
Project("{9A19103F-16F7-4668-BE54-9A1E7A4F7556}") = "BankOfSheeps", "BankOfSheeps\BankOfSheeps.csproj", "{F2B911F1-CE57-4B61-939A-6601CDFCFE5C}"
EndProject
Project("{9A19103F-16F7-4668-BE54-9A1E7A4F7556}") = "BankOfSheepsAPI", "BankOfSheepsAPI\BankOfSheepsAPI.csproj", "{82AC8FA9-A005-481E-9D13-6D76E9AAF6AA}"
EndProject
Project("{FAE04EC0-301F-11D3-BF4B-00C04F79EFBC}") = "WpfClientApp", "WpfClientApp\WpfClientApp.csproj", "{31EA6ADB-302F-49BD-8111-82DA2F87CD66}"
EndProject
Project("{9A19103F-16F7-4668-BE54-9A1E7A4F7556}") = "BankOfSheepsMVC", "BankOfSheepsMVC\BankOfSheepsMVC.csproj", "{3F68F535-9188-4057-AFD0-697F29FDDC52}"
EndProject
Project("{FAE04EC0-301F-11D3-BF4B-00C04F79EFBC}") = "TestProject1", "TestProject1\TestProject1.csproj", "{0EFD32FB-8D1B-41CA-9A90-E9F53438946A}"
EndProject
Global
	GlobalSection(SolutionConfigurationPlatforms) = preSolution
		Debug|Any CPU = Debug|Any CPU
		Release|Any CPU = Release|Any CPU
	EndGlobalSection
	GlobalSection(ProjectConfigurationPlatforms) = postSolution
		{F2B911F1-CE57-4B61-939A-6601CDFCFE5C}.Debug|Any CPU.ActiveCfg = Debug|Any CPU
		{F2B911F1-CE57-4B61-939A-6601CDFCFE5C}.Debug|Any CPU.Build.0 = Debug|Any CPU
		{F2B911F1-CE57-4B61-939A-6601CDFCFE5C}.Release|Any CPU.ActiveCfg = Release|Any CPU
		{F2B911F1-CE57-4B61-939A-6601CDFCFE5C}.Release|Any CPU.Build.0 = Release|Any CPU
		{82AC8FA9-A005-481E-9D13-6D76E9AAF6AA}.Debug|Any CPU.ActiveCfg = Debug|Any CPU
		{82AC8FA9-A005-481E-9D13-6D76E9AAF6AA}.Debug|Any CPU.Build.0 = Debug|Any CPU
		{82AC8FA9-A005-481E-9D13-6D76E9AAF6AA}.Release|Any CPU.ActiveCfg = Release|Any CPU
		{82AC8FA9-A005-481E-9D13-6D76E9AAF6AA}.Release|Any CPU.Build.0 = Release|Any CPU
		{31EA6ADB-302F-49BD-8111-82DA2F87CD66}.Debug|Any CPU.ActiveCfg = Debug|Any CPU
		{31EA6ADB-302F-49BD-8111-82DA2F87CD66}.Debug|Any CPU.Build.0 = Debug|Any CPU
		{31EA6ADB-302F-49BD-8111-82DA2F87CD66}.Release|Any CPU.ActiveCfg = Release|Any CPU
		{31EA6ADB-302F-49BD-8111-82DA2F87CD66}.Release|Any CPU.Build.0 = Release|Any CPU
		{3F68F535-9188-4057-AFD0-697F29FDDC52}.Debug|Any CPU.ActiveCfg = Debug|Any CPU
		{3F68F535-9188-4057-AFD0-697F29FDDC52}.Debug|Any CPU.Build.0 = Debug|Any CPU
		{3F68F535-9188-4057-AFD0-697F29FDDC52}.Release|Any CPU.ActiveCfg = Release|Any CPU
		{3F68F535-9188-4057-AFD0-697F29FDDC52}.Release|Any CPU.Build.0 = Release|Any CPU
		{0EFD32FB-8D1B-41CA-9A90-E9F53438946A}.Debug|Any CPU.ActiveCfg = Debug|Any CPU
		{0EFD32FB-8D1B-41CA-9A90-E9F53438946A}.Debug|Any CPU.Build.0 = Debug|Any CPU
		{0EFD32FB-8D1B-41CA-9A90-E9F53438946A}.Release|Any CPU.ActiveCfg = Release|Any CPU
		{0EFD32FB-8D1B-41CA-9A90-E9F53438946A}.Release|Any CPU.Build.0 = Release|Any CPU
	EndGlobalSection
	GlobalSection(SolutionProperties) = preSolution
		HideSolutionNode = FALSE
	EndGlobalSection
	GlobalSection(ExtensibilityGlobals) = postSolution
		SolutionGuid = {141C9B13-F040-4742-9D83-A183C53E07CE}
	EndGlobalSection
EndGlobal
