
Microsoft Visual Studio Solution File, Format Version 12.00
# Visual Studio Version 16
VisualStudioVersion = 16.0.31205.134
MinimumVisualStudioVersion = 10.0.40219.1
Project("{FAE04EC0-301F-11D3-BF4B-00C04F79EFBC}") = "WPFCore", "WPFCore.csproj", "{3B0396AD-13D4-4855-9149-FFC700C6DD7C}"
EndProject
Global
	GlobalSection(SolutionConfigurationPlatforms) = preSolution
		Debug|Any CPU = Debug|Any CPU
		Release|Any CPU = Release|Any CPU
	EndGlobalSection
	GlobalSection(ProjectConfigurationPlatforms) = postSolution
		{3B0396AD-13D4-4855-9149-FFC700C6DD7C}.Debug|Any CPU.ActiveCfg = Debug|Any CPU
		{3B0396AD-13D4-4855-9149-FFC700C6DD7C}.Debug|Any CPU.Build.0 = Debug|Any CPU
		{3B0396AD-13D4-4855-9149-FFC700C6DD7C}.Release|Any CPU.ActiveCfg = Release|Any CPU
		{3B0396AD-13D4-4855-9149-FFC700C6DD7C}.Release|Any CPU.Build.0 = Release|Any CPU
	EndGlobalSection
	GlobalSection(SolutionProperties) = preSolution
		HideSolutionNode = FALSE
	EndGlobalSection
	GlobalSection(ExtensibilityGlobals) = postSolution
		SolutionGuid = {EA58D567-0372-49AA-841C-16ADA6733566}
	EndGlobalSection
EndGlobal
