
Microsoft Visual Studio Solution File, Format Version 12.00
# Visual Studio Version 16
VisualStudioVersion = 16.0.31205.134
MinimumVisualStudioVersion = 10.0.40219.1
Project("{FAE04EC0-301F-11D3-BF4B-00C04F79EFBC}") = "SkoleniConsoleApp1", "SkoleniConsoleApp1.csproj", "{0A5C16CF-03BC-40BD-81FC-985ED26D30F9}"
EndProject
Global
	GlobalSection(SolutionConfigurationPlatforms) = preSolution
		Debug|Any CPU = Debug|Any CPU
		Release|Any CPU = Release|Any CPU
	EndGlobalSection
	GlobalSection(ProjectConfigurationPlatforms) = postSolution
		{0A5C16CF-03BC-40BD-81FC-985ED26D30F9}.Debug|Any CPU.ActiveCfg = Debug|Any CPU
		{0A5C16CF-03BC-40BD-81FC-985ED26D30F9}.Debug|Any CPU.Build.0 = Debug|Any CPU
		{0A5C16CF-03BC-40BD-81FC-985ED26D30F9}.Release|Any CPU.ActiveCfg = Release|Any CPU
		{0A5C16CF-03BC-40BD-81FC-985ED26D30F9}.Release|Any CPU.Build.0 = Release|Any CPU
	EndGlobalSection
	GlobalSection(SolutionProperties) = preSolution
		HideSolutionNode = FALSE
	EndGlobalSection
	GlobalSection(ExtensibilityGlobals) = postSolution
		SolutionGuid = {06C5D350-38AA-4180-B857-E03B13C562A3}
	EndGlobalSection
EndGlobal
